// !$*UTF8*$!
{
	archiveVersion = 1;
	classes = {
	};
	objectVersion = 55;
	objects = {

/* Begin PBXBuildFile section */
		1FBF5EA9285A4D7600D4938F /* AppDelegate.m in Sources */ = {isa = PBXBuildFile; fileRef = 1FBF5EA8285A4D7600D4938F /* AppDelegate.m */; };
		1FBF5EAC285A4D7600D4938F /* SceneDelegate.m in Sources */ = {isa = PBXBuildFile; fileRef = 1FBF5EAB285A4D7600D4938F /* SceneDelegate.m */; };
		1FBF5EAF285A4D7600D4938F /* ViewController.m in Sources */ = {isa = PBXBuildFile; fileRef = 1FBF5EAE285A4D7600D4938F /* ViewController.m */; };
		1FBF5EB2285A4D7600D4938F /* Main.storyboard in Resources */ = {isa = PBXBuildFile; fileRef = 1FBF5EB0285A4D7600D4938F /* Main.storyboard */; };
		1FBF5EB4285A4D7800D4938F /* Assets.xcassets in Resources */ = {isa = PBXBuildFile; fileRef = 1FBF5EB3285A4D7800D4938F /* Assets.xcassets */; };
		1FBF5EB7285A4D7800D4938F /* LaunchScreen.storyboard in Resources */ = {isa = PBXBuildFile; fileRef = 1FBF5EB5285A4D7800D4938F /* LaunchScreen.storyboard */; };
		1FBF5EBA285A4D7800D4938F /* main.m in Sources */ = {isa = PBXBuildFile; fileRef = 1FBF5EB9285A4D7800D4938F /* main.m */; };
		1FBF5EC4285A4D7800D4938F /* FlixterTests.m in Sources */ = {isa = PBXBuildFile; fileRef = 1FBF5EC3285A4D7800D4938F /* FlixterTests.m */; };
		1FBF5ECE285A4D7800D4938F /* FlixterUITests.m in Sources */ = {isa = PBXBuildFile; fileRef = 1FBF5ECD285A4D7800D4938F /* FlixterUITests.m */; };
		1FBF5ED0285A4D7800D4938F /* FlixterUITestsLaunchTests.m in Sources */ = {isa = PBXBuildFile; fileRef = 1FBF5ECF285A4D7800D4938F /* FlixterUITestsLaunchTests.m */; };
/* End PBXBuildFile section */

/* Begin PBXContainerItemProxy section */
		1FBF5EC0285A4D7800D4938F /* PBXContainerItemProxy */ = {
			isa = PBXContainerItemProxy;
			containerPortal = 1FBF5E9C285A4D7600D4938F /* Project object */;
			proxyType = 1;
			remoteGlobalIDString = 1FBF5EA3285A4D7600D4938F;
			remoteInfo = Flixter;
		};
		1FBF5ECA285A4D7800D4938F /* PBXContainerItemProxy */ = {
			isa = PBXContainerItemProxy;
			containerPortal = 1FBF5E9C285A4D7600D4938F /* Project object */;
			proxyType = 1;
			remoteGlobalIDString = 1FBF5EA3285A4D7600D4938F;
			remoteInfo = Flixter;
		};
/* End PBXContainerItemProxy section */

/* Begin PBXFileReference section */
		1FBF5EA4285A4D7600D4938F /* Flixter.app */ = {isa = PBXFileReference; explicitFileType = wrapper.application; includeInIndex = 0; path = Flixter.app; sourceTree = BUILT_PRODUCTS_DIR; };
		1FBF5EA7285A4D7600D4938F /* AppDelegate.h */ = {isa = PBXFileReference; lastKnownFileType = sourcecode.c.h; path = AppDelegate.h; sourceTree = "<group>"; };
		1FBF5EA8285A4D7600D4938F /* AppDelegate.m */ = {isa = PBXFileReference; lastKnownFileType = sourcecode.c.objc; path = AppDelegate.m; sourceTree = "<group>"; };
		1FBF5EAA285A4D7600D4938F /* SceneDelegate.h */ = {isa = PBXFileReference; lastKnownFileType = sourcecode.c.h; path = SceneDelegate.h; sourceTree = "<group>"; };
		1FBF5EAB285A4D7600D4938F /* SceneDelegate.m */ = {isa = PBXFileReference; lastKnownFileType = sourcecode.c.objc; path = SceneDelegate.m; sourceTree = "<group>"; };
		1FBF5EAD285A4D7600D4938F /* ViewController.h */ = {isa = PBXFileReference; lastKnownFileType = sourcecode.c.h; path = ViewController.h; sourceTree = "<group>"; };
		1FBF5EAE285A4D7600D4938F /* ViewController.m */ = {isa = PBXFileReference; lastKnownFileType = sourcecode.c.objc; path = ViewController.m; sourceTree = "<group>"; };
		1FBF5EB1285A4D7600D4938F /* Base */ = {isa = PBXFileReference; lastKnownFileType = file.storyboard; name = Base; path = Base.lproj/Main.storyboard; sourceTree = "<group>"; };
		1FBF5EB3285A4D7800D4938F /* Assets.xcassets */ = {isa = PBXFileReference; lastKnownFileType = folder.assetcatalog; path = Assets.xcassets; sourceTree = "<group>"; };
		1FBF5EB6285A4D7800D4938F /* Base */ = {isa = PBXFileReference; lastKnownFileType = file.storyboard; name = Base; path = Base.lproj/LaunchScreen.storyboard; sourceTree = "<group>"; };
		1FBF5EB8285A4D7800D4938F /* Info.plist */ = {isa = PBXFileReference; lastKnownFileType = text.plist.xml; path = Info.plist; sourceTree = "<group>"; };
		1FBF5EB9285A4D7800D4938F /* main.m */ = {isa = PBXFileReference; lastKnownFileType = sourcecode.c.objc; path = main.m; sourceTree = "<group>"; };
		1FBF5EBF285A4D7800D4938F /* FlixterTests.xctest */ = {isa = PBXFileReference; explicitFileType = wrapper.cfbundle; includeInIndex = 0; path = FlixterTests.xctest; sourceTree = BUILT_PRODUCTS_DIR; };
		1FBF5EC3285A4D7800D4938F /* FlixterTests.m */ = {isa = PBXFileReference; lastKnownFileType = sourcecode.c.objc; path = FlixterTests.m; sourceTree = "<group>"; };
		1FBF5EC9285A4D7800D4938F /* FlixterUITests.xctest */ = {isa = PBXFileReference; explicitFileType = wrapper.cfbundle; includeInIndex = 0; path = FlixterUITests.xctest; sourceTree = BUILT_PRODUCTS_DIR; };
		1FBF5ECD285A4D7800D4938F /* FlixterUITests.m */ = {isa = PBXFileReference; lastKnownFileType = sourcecode.c.objc; path = FlixterUITests.m; sourceTree = "<group>"; };
		1FBF5ECF285A4D7800D4938F /* FlixterUITestsLaunchTests.m */ = {isa = PBXFileReference; lastKnownFileType = sourcecode.c.objc; path = FlixterUITestsLaunchTests.m; sourceTree = "<group>"; };
/* End PBXFileReference section */

/* Begin PBXFrameworksBuildPhase section */
		1FBF5EA1285A4D7600D4938F /* Frameworks */ = {
			isa = PBXFrameworksBuildPhase;
			buildActionMask = 2147483647;
			files = (
			);
			runOnlyForDeploymentPostprocessing = 0;
		};
		1FBF5EBC285A4D7800D4938F /* Frameworks */ = {
			isa = PBXFrameworksBuildPhase;
			buildActionMask = 2147483647;
			files = (
			);
			runOnlyForDeploymentPostprocessing = 0;
		};
		1FBF5EC6285A4D7800D4938F /* Frameworks */ = {
			isa = PBXFrameworksBuildPhase;
			buildActionMask = 2147483647;
			files = (
			);
			runOnlyForDeploymentPostprocessing = 0;
		};
/* End PBXFrameworksBuildPhase section */

/* Begin PBXGroup section */
		1FBF5E9B285A4D7600D4938F = {
			isa = PBXGroup;
			children = (
				1FBF5EA6285A4D7600D4938F /* Flixter */,
				1FBF5EC2285A4D7800D4938F /* FlixterTests */,
				1FBF5ECC285A4D7800D4938F /* FlixterUITests */,
				1FBF5EA5285A4D7600D4938F /* Products */,
			);
			sourceTree = "<group>";
		};
		1FBF5EA5285A4D7600D4938F /* Products */ = {
			isa = PBXGroup;
			children = (
				1FBF5EA4285A4D7600D4938F /* Flixter.app */,
				1FBF5EBF285A4D7800D4938F /* FlixterTests.xctest */,
				1FBF5EC9285A4D7800D4938F /* FlixterUITests.xctest */,
			);
			name = Products;
			sourceTree = "<group>";
		};
		1FBF5EA6285A4D7600D4938F /* Flixter */ = {
			isa = PBXGroup;
			children = (
				1FBF5EA7285A4D7600D4938F /* AppDelegate.h */,
				1FBF5EA8285A4D7600D4938F /* AppDelegate.m */,
				1FBF5EAA285A4D7600D4938F /* SceneDelegate.h */,
				1FBF5EAB285A4D7600D4938F /* SceneDelegate.m */,
				1FBF5EAD285A4D7600D4938F /* ViewController.h */,
				1FBF5EAE285A4D7600D4938F /* ViewController.m */,
				1FBF5EB0285A4D7600D4938F /* Main.storyboard */,
				1FBF5EB3285A4D7800D4938F /* Assets.xcassets */,
				1FBF5EB5285A4D7800D4938F /* LaunchScreen.storyboard */,
				1FBF5EB8285A4D7800D4938F /* Info.plist */,
				1FBF5EB9285A4D7800D4938F /* main.m */,
			);
			path = Flixter;
			sourceTree = "<group>";
		};
		1FBF5EC2285A4D7800D4938F /* FlixterTests */ = {
			isa = PBXGroup;
			children = (
				1FBF5EC3285A4D7800D4938F /* FlixterTests.m */,
			);
			path = FlixterTests;
			sourceTree = "<group>";
		};
		1FBF5ECC285A4D7800D4938F /* FlixterUITests */ = {
			isa = PBXGroup;
			children = (
				1FBF5ECD285A4D7800D4938F /* FlixterUITests.m */,
				1FBF5ECF285A4D7800D4938F /* FlixterUITestsLaunchTests.m */,
			);
			path = FlixterUITests;
			sourceTree = "<group>";
		};
/* End PBXGroup section */

/* Begin PBXNativeTarget section */
		1FBF5EA3285A4D7600D4938F /* Flixter */ = {
			isa = PBXNativeTarget;
			buildConfigurationList = 1FBF5ED3285A4D7800D4938F /* Build configuration list for PBXNativeTarget "Flixter" */;
			buildPhases = (
				1FBF5EA0285A4D7600D4938F /* Sources */,
				1FBF5EA1285A4D7600D4938F /* Frameworks */,
				1FBF5EA2285A4D7600D4938F /* Resources */,
			);
			buildRules = (
			);
			dependencies = (
			);
			name = Flixter;
			productName = Flixter;
			productReference = 1FBF5EA4285A4D7600D4938F /* Flixter.app */;
			productType = "com.apple.product-type.application";
		};
		1FBF5EBE285A4D7800D4938F /* FlixterTests */ = {
			isa = PBXNativeTarget;
			buildConfigurationList = 1FBF5ED6285A4D7800D4938F /* Build configuration list for PBXNativeTarget "FlixterTests" */;
			buildPhases = (
				1FBF5EBB285A4D7800D4938F /* Sources */,
				1FBF5EBC285A4D7800D4938F /* Frameworks */,
				1FBF5EBD285A4D7800D4938F /* Resources */,
			);
			buildRules = (
			);
			dependencies = (
				1FBF5EC1285A4D7800D4938F /* PBXTargetDependency */,
			);
			name = FlixterTests;
			productName = FlixterTests;
			productReference = 1FBF5EBF285A4D7800D4938F /* FlixterTests.xctest */;
			productType = "com.apple.product-type.bundle.unit-test";
		};
		1FBF5EC8285A4D7800D4938F /* FlixterUITests */ = {
			isa = PBXNativeTarget;
			buildConfigurationList = 1FBF5ED9285A4D7800D4938F /* Build configuration list for PBXNativeTarget "FlixterUITests" */;
			buildPhases = (
				1FBF5EC5285A4D7800D4938F /* Sources */,
				1FBF5EC6285A4D7800D4938F /* Frameworks */,
				1FBF5EC7285A4D7800D4938F /* Resources */,
			);
			buildRules = (
			);
			dependencies = (
				1FBF5ECB285A4D7800D4938F /* PBXTargetDependency */,
			);
			name = FlixterUITests;
			productName = FlixterUITests;
			productReference = 1FBF5EC9285A4D7800D4938F /* FlixterUITests.xctest */;
			productType = "com.apple.product-type.bundle.ui-testing";
		};
/* End PBXNativeTarget section */

/* Begin PBXProject section */
		1FBF5E9C285A4D7600D4938F /* Project object */ = {
			isa = PBXProject;
			attributes = {
				BuildIndependentTargetsInParallel = 1;
				LastUpgradeCheck = 1340;
				TargetAttributes = {
					1FBF5EA3285A4D7600D4938F = {
						CreatedOnToolsVersion = 13.4.1;
					};
					1FBF5EBE285A4D7800D4938F = {
						CreatedOnToolsVersion = 13.4.1;
						TestTargetID = 1FBF5EA3285A4D7600D4938F;
					};
					1FBF5EC8285A4D7800D4938F = {
						CreatedOnToolsVersion = 13.4.1;
						TestTargetID = 1FBF5EA3285A4D7600D4938F;
					};
				};
			};
			buildConfigurationList = 1FBF5E9F285A4D7600D4938F /* Build configuration list for PBXProject "Flixter" */;
			compatibilityVersion = "Xcode 13.0";
			developmentRegion = en;
			hasScannedForEncodings = 0;
			knownRegions = (
				en,
				Base,
			);
			mainGroup = 1FBF5E9B285A4D7600D4938F;
			productRefGroup = 1FBF5EA5285A4D7600D4938F /* Products */;
			projectDirPath = "";
			projectRoot = "";
			targets = (
				1FBF5EA3285A4D7600D4938F /* Flixter */,
				1FBF5EBE285A4D7800D4938F /* FlixterTests */,
				1FBF5EC8285A4D7800D4938F /* FlixterUITests */,
			);
		};
/* End PBXProject section */

/* Begin PBXResourcesBuildPhase section */
		1FBF5EA2285A4D7600D4938F /* Resources */ = {
			isa = PBXResourcesBuildPhase;
			buildActionMask = 2147483647;
			files = (
				1FBF5EB7285A4D7800D4938F /* LaunchScreen.storyboard in Resources */,
				1FBF5EB4285A4D7800D4938F /* Assets.xcassets in Resources */,
				1FBF5EB2285A4D7600D4938F /* Main.storyboard in Resources */,
			);
			runOnlyForDeploymentPostprocessing = 0;
		};
		1FBF5EBD285A4D7800D4938F /* Resources */ = {
			isa = PBXResourcesBuildPhase;
			buildActionMask = 2147483647;
			files = (
			);
			runOnlyForDeploymentPostprocessing = 0;
		};
		1FBF5EC7285A4D7800D4938F /* Resources */ = {
			isa = PBXResourcesBuildPhase;
			buildActionMask = 2147483647;
			files = (
			);
			runOnlyForDeploymentPostprocessing = 0;
		};
/* End PBXResourcesBuildPhase section */

/* Begin PBXSourcesBuildPhase section */
		1FBF5EA0285A4D7600D4938F /* Sources */ = {
			isa = PBXSourcesBuildPhase;
			buildActionMask = 2147483647;
			files = (
				1FBF5EAF285A4D7600D4938F /* ViewController.m in Sources */,
				1FBF5EA9285A4D7600D4938F /* AppDelegate.m in Sources */,
				1FBF5EBA285A4D7800D4938F /* main.m in Sources */,
				1FBF5EAC285A4D7600D4938F /* SceneDelegate.m in Sources */,
			);
			runOnlyForDeploymentPostprocessing = 0;
		};
		1FBF5EBB285A4D7800D4938F /* Sources */ = {
			isa = PBXSourcesBuildPhase;
			buildActionMask = 2147483647;
			files = (
				1FBF5EC4285A4D7800D4938F /* FlixterTests.m in Sources */,
			);
			runOnlyForDeploymentPostprocessing = 0;
		};
		1FBF5EC5285A4D7800D4938F /* Sources */ = {
			isa = PBXSourcesBuildPhase;
			buildActionMask = 2147483647;
			files = (
				1FBF5ECE285A4D7800D4938F /* FlixterUITests.m in Sources */,
				1FBF5ED0285A4D7800D4938F /* FlixterUITestsLaunchTests.m in Sources */,
			);
			runOnlyForDeploymentPostprocessing = 0;
		};
/* End PBXSourcesBuildPhase section */

/* Begin PBXTargetDependency section */
		1FBF5EC1285A4D7800D4938F /* PBXTargetDependency */ = {
			isa = PBXTargetDependency;
			target = 1FBF5EA3285A4D7600D4938F /* Flixter */;
			targetProxy = 1FBF5EC0285A4D7800D4938F /* PBXContainerItemProxy */;
		};
		1FBF5ECB285A4D7800D4938F /* PBXTargetDependency */ = {
			isa = PBXTargetDependency;
			target = 1FBF5EA3285A4D7600D4938F /* Flixter */;
			targetProxy = 1FBF5ECA285A4D7800D4938F /* PBXContainerItemProxy */;
		};
/* End PBXTargetDependency section */

/* Begin PBXVariantGroup section */
		1FBF5EB0285A4D7600D4938F /* Main.storyboard */ = {
			isa = PBXVariantGroup;
			children = (
				1FBF5EB1285A4D7600D4938F /* Base */,
			);
			name = Main.storyboard;
			sourceTree = "<group>";
		};
		1FBF5EB5285A4D7800D4938F /* LaunchScreen.storyboard */ = {
			isa = PBXVariantGroup;
			children = (
				1FBF5EB6285A4D7800D4938F /* Base */,
			);
			name = LaunchScreen.storyboard;
			sourceTree = "<group>";
		};
/* End PBXVariantGroup section */

/* Begin XCBuildConfiguration section */
		1FBF5ED1285A4D7800D4938F /* Debug */ = {
			isa = XCBuildConfiguration;
			buildSettings = {
				ALWAYS_SEARCH_USER_PATHS = NO;
				CLANG_ANALYZER_NONNULL = YES;
				CLANG_ANALYZER_NUMBER_OBJECT_CONVERSION = YES_AGGRESSIVE;
				CLANG_CXX_LANGUAGE_STANDARD = "gnu++17";
				CLANG_ENABLE_MODULES = YES;
				CLANG_ENABLE_OBJC_ARC = YES;
				CLANG_ENABLE_OBJC_WEAK = YES;
				CLANG_WARN_BLOCK_CAPTURE_AUTORELEASING = YES;
				CLANG_WARN_BOOL_CONVERSION = YES;
				CLANG_WARN_COMMA = YES;
				CLANG_WARN_CONSTANT_CONVERSION = YES;
				CLANG_WARN_DEPRECATED_OBJC_IMPLEMENTATIONS = YES;
				CLANG_WARN_DIRECT_OBJC_ISA_USAGE = YES_ERROR;
				CLANG_WARN_DOCUMENTATION_COMMENTS = YES;
				CLANG_WARN_EMPTY_BODY = YES;
				CLANG_WARN_ENUM_CONVERSION = YES;
				CLANG_WARN_INFINITE_RECURSION = YES;
				CLANG_WARN_INT_CONVERSION = YES;
				CLANG_WARN_NON_LITERAL_NULL_CONVERSION = YES;
				CLANG_WARN_OBJC_IMPLICIT_RETAIN_SELF = YES;
				CLANG_WARN_OBJC_LITERAL_CONVERSION = YES;
				CLANG_WARN_OBJC_ROOT_CLASS = YES_ERROR;
				CLANG_WARN_QUOTED_INCLUDE_IN_FRAMEWORK_HEADER = YES;
				CLANG_WARN_RANGE_LOOP_ANALYSIS = YES;
				CLANG_WARN_STRICT_PROTOTYPES = YES;
				CLANG_WARN_SUSPICIOUS_MOVE = YES;
				CLANG_WARN_UNGUARDED_AVAILABILITY = YES_AGGRESSIVE;
				CLANG_WARN_UNREACHABLE_CODE = YES;
				CLANG_WARN__DUPLICATE_METHOD_MATCH = YES;
				COPY_PHASE_STRIP = NO;
				DEBUG_INFORMATION_FORMAT = dwarf;
				ENABLE_STRICT_OBJC_MSGSEND = YES;
				ENABLE_TESTABILITY = YES;
				GCC_C_LANGUAGE_STANDARD = gnu11;
				GCC_DYNAMIC_NO_PIC = NO;
				GCC_NO_COMMON_BLOCKS = YES;
				GCC_OPTIMIZATION_LEVEL = 0;
				GCC_PREPROCESSOR_DEFINITIONS = (
					"DEBUG=1",
					"$(inherited)",
				);
				GCC_WARN_64_TO_32_BIT_CONVERSION = YES;
				GCC_WARN_ABOUT_RETURN_TYPE = YES_ERROR;
				GCC_WARN_UNDECLARED_SELECTOR = YES;
				GCC_WARN_UNINITIALIZED_AUTOS = YES_AGGRESSIVE;
				GCC_WARN_UNUSED_FUNCTION = YES;
				GCC_WARN_UNUSED_VARIABLE = YES;
				IPHONEOS_DEPLOYMENT_TARGET = 15.5;
				MTL_ENABLE_DEBUG_INFO = INCLUDE_SOURCE;
				MTL_FAST_MATH = YES;
				ONLY_ACTIVE_ARCH = YES;
				SDKROOT = iphoneos;
			};
			name = Debug;
		};
		1FBF5ED2285A4D7800D4938F /* Release */ = {
			isa = XCBuildConfiguration;
			buildSettings = {
				ALWAYS_SEARCH_USER_PATHS = NO;
				CLANG_ANALYZER_NONNULL = YES;
				CLANG_ANALYZER_NUMBER_OBJECT_CONVERSION = YES_AGGRESSIVE;
				CLANG_CXX_LANGUAGE_STANDARD = "gnu++17";
				CLANG_ENABLE_MODULES = YES;
				CLANG_ENABLE_OBJC_ARC = YES;
				CLANG_ENABLE_OBJC_WEAK = YES;
				CLANG_WARN_BLOCK_CAPTURE_AUTORELEASING = YES;
				CLANG_WARN_BOOL_CONVERSION = YES;
				CLANG_WARN_COMMA = YES;
				CLANG_WARN_CONSTANT_CONVERSION = YES;
				CLANG_WARN_DEPRECATED_OBJC_IMPLEMENTATIONS = YES;
				CLANG_WARN_DIRECT_OBJC_ISA_USAGE = YES_ERROR;
				CLANG_WARN_DOCUMENTATION_COMMENTS = YES;
				CLANG_WARN_EMPTY_BODY = YES;
				CLANG_WARN_ENUM_CONVERSION = YES;
				CLANG_WARN_INFINITE_RECURSION = YES;
				CLANG_WARN_INT_CONVERSION = YES;
				CLANG_WARN_NON_LITERAL_NULL_CONVERSION = YES;
				CLANG_WARN_OBJC_IMPLICIT_RETAIN_SELF = YES;
				CLANG_WARN_OBJC_LITERAL_CONVERSION = YES;
				CLANG_WARN_OBJC_ROOT_CLASS = YES_ERROR;
				CLANG_WARN_QUOTED_INCLUDE_IN_FRAMEWORK_HEADER = YES;
				CLANG_WARN_RANGE_LOOP_ANALYSIS = YES;
				CLANG_WARN_STRICT_PROTOTYPES = YES;
				CLANG_WARN_SUSPICIOUS_MOVE = YES;
				CLANG_WARN_UNGUARDED_AVAILABILITY = YES_AGGRESSIVE;
				CLANG_WARN_UNREACHABLE_CODE = YES;
				CLANG_WARN__DUPLICATE_METHOD_MATCH = YES;
				COPY_PHASE_STRIP = NO;
				DEBUG_INFORMATION_FORMAT = "dwarf-with-dsym";
				ENABLE_NS_ASSERTIONS = NO;
				ENABLE_STRICT_OBJC_MSGSEND = YES;
				GCC_C_LANGUAGE_STANDARD = gnu11;
				GCC_NO_COMMON_BLOCKS = YES;
				GCC_WARN_64_TO_32_BIT_CONVERSION = YES;
				GCC_WARN_ABOUT_RETURN_TYPE = YES_ERROR;
				GCC_WARN_UNDECLARED_SELECTOR = YES;
				GCC_WARN_UNINITIALIZED_AUTOS = YES_AGGRESSIVE;
				GCC_WARN_UNUSED_FUNCTION = YES;
				GCC_WARN_UNUSED_VARIABLE = YES;
				IPHONEOS_DEPLOYMENT_TARGET = 15.5;
				MTL_ENABLE_DEBUG_INFO = NO;
				MTL_FAST_MATH = YES;
				SDKROOT = iphoneos;
				VALIDATE_PRODUCT = YES;
			};
			name = Release;
		};
		1FBF5ED4285A4D7800D4938F /* Debug */ = {
			isa = XCBuildConfiguration;
			buildSettings = {
				ASSETCATALOG_COMPILER_APPICON_NAME = AppIcon;
				ASSETCATALOG_COMPILER_GLOBAL_ACCENT_COLOR_NAME = AccentColor;
				CODE_SIGN_STYLE = Automatic;
				CURRENT_PROJECT_VERSION = 1;
				DEVELOPMENT_TEAM = 454EU8SVK2;
				GENERATE_INFOPLIST_FILE = YES;
				INFOPLIST_FILE = Flixter/Info.plist;
				INFOPLIST_KEY_UIApplicationSupportsIndirectInputEvents = YES;
				INFOPLIST_KEY_UILaunchStoryboardName = LaunchScreen;
				INFOPLIST_KEY_UIMainStoryboardFile = Main;
				INFOPLIST_KEY_UISupportedInterfaceOrientations_iPad = "UIInterfaceOrientationPortrait UIInterfaceOrientationPortraitUpsideDown UIInterfaceOrientationLandscapeLeft UIInterfaceOrientationLandscapeRight";
				INFOPLIST_KEY_UISupportedInterfaceOrientations_iPhone = "UIInterfaceOrientationPortrait UIInterfaceOrientationLandscapeLeft UIInterfaceOrientationLandscapeRight";
				LD_RUNPATH_SEARCH_PATHS = (
					"$(inherited)",
					"@executable_path/Frameworks",
				);
				MARKETING_VERSION = 1.0;
				PRODUCT_BUNDLE_IDENTIFIER = com.rashadp.Flixter;
				PRODUCT_NAME = "$(TARGET_NAME)";
				SWIFT_EMIT_LOC_STRINGS = YES;
				TARGETED_DEVICE_FAMILY = "1,2";
			};
			name = Debug;
		};
		1FBF5ED5285A4D7800D4938F /* Release */ = {
			isa = XCBuildConfiguration;
			buildSettings = {
				ASSETCATALOG_COMPILER_APPICON_NAME = AppIcon;
				ASSETCATALOG_COMPILER_GLOBAL_ACCENT_COLOR_NAME = AccentColor;
				CODE_SIGN_STYLE = Automatic;
				CURRENT_PROJECT_VERSION = 1;
				DEVELOPMENT_TEAM = 454EU8SVK2;
				GENERATE_INFOPLIST_FILE = YES;
				INFOPLIST_FILE = Flixter/Info.plist;
				INFOPLIST_KEY_UIApplicationSupportsIndirectInputEvents = YES;
				INFOPLIST_KEY_UILaunchStoryboardName = LaunchScreen;
				INFOPLIST_KEY_UIMainStoryboardFile = Main;
				INFOPLIST_KEY_UISupportedInterfaceOrientations_iPad = "UIInterfaceOrientationPortrait UIInterfaceOrientationPortraitUpsideDown UIInterfaceOrientationLandscapeLeft UIInterfaceOrientationLandscapeRight";
				INFOPLIST_KEY_UISupportedInterfaceOrientations_iPhone = "UIInterfaceOrientationPortrait UIInterfaceOrientationLandscapeLeft UIInterfaceOrientationLandscapeRight";
				LD_RUNPATH_SEARCH_PATHS = (
					"$(inherited)",
					"@executable_path/Frameworks",
				);
				MARKETING_VERSION = 1.0;
				PRODUCT_BUNDLE_IDENTIFIER = com.rashadp.Flixter;
				PRODUCT_NAME = "$(TARGET_NAME)";
				SWIFT_EMIT_LOC_STRINGS = YES;
				TARGETED_DEVICE_FAMILY = "1,2";
			};
			name = Release;
		};
		1FBF5ED7285A4D7800D4938F /* Debug */ = {
			isa = XCBuildConfiguration;
			buildSettings = {
				BUNDLE_LOADER = "$(TEST_HOST)";
				CODE_SIGN_STYLE = Automatic;
				CURRENT_PROJECT_VERSION = 1;
				DEVELOPMENT_TEAM = 454EU8SVK2;
				GENERATE_INFOPLIST_FILE = YES;
				IPHONEOS_DEPLOYMENT_TARGET = 15.5;
				MARKETING_VERSION = 1.0;
				PRODUCT_BUNDLE_IDENTIFIER = com.rashadp.FlixterTests;
				PRODUCT_NAME = "$(TARGET_NAME)";
				SWIFT_EMIT_LOC_STRINGS = NO;
				TARGETED_DEVICE_FAMILY = "1,2";
				TEST_HOST = "$(BUILT_PRODUCTS_DIR)/Flixter.app/Flixter";
			};
			name = Debug;
		};
		1FBF5ED8285A4D7800D4938F /* Release */ = {
			isa = XCBuildConfiguration;
			buildSettings = {
				BUNDLE_LOADER = "$(TEST_HOST)";
				CODE_SIGN_STYLE = Automatic;
				CURRENT_PROJECT_VERSION = 1;
				DEVELOPMENT_TEAM = 454EU8SVK2;
				GENERATE_INFOPLIST_FILE = YES;
				IPHONEOS_DEPLOYMENT_TARGET = 15.5;
				MARKETING_VERSION = 1.0;
				PRODUCT_BUNDLE_IDENTIFIER = com.rashadp.FlixterTests;
				PRODUCT_NAME = "$(TARGET_NAME)";
				SWIFT_EMIT_LOC_STRINGS = NO;
				TARGETED_DEVICE_FAMILY = "1,2";
				TEST_HOST = "$(BUILT_PRODUCTS_DIR)/Flixter.app/Flixter";
			};
			name = Release;
		};
		1FBF5EDA285A4D7800D4938F /* Debug */ = {
			isa = XCBuildConfiguration;
			buildSettings = {
				CODE_SIGN_STYLE = Automatic;
				CURRENT_PROJECT_VERSION = 1;
				DEVELOPMENT_TEAM = 454EU8SVK2;
				GENERATE_INFOPLIST_FILE = YES;
				MARKETING_VERSION = 1.0;
				PRODUCT_BUNDLE_IDENTIFIER = com.rashadp.FlixterUITests;
				PRODUCT_NAME = "$(TARGET_NAME)";
				SWIFT_EMIT_LOC_STRINGS = NO;
				TARGETED_DEVICE_FAMILY = "1,2";
				TEST_TARGET_NAME = Flixter;
			};
			name = Debug;
		};
		1FBF5EDB285A4D7800D4938F /* Release */ = {
			isa = XCBuildConfiguration;
			buildSettings = {
				CODE_SIGN_STYLE = Automatic;
				CURRENT_PROJECT_VERSION = 1;
				DEVELOPMENT_TEAM = 454EU8SVK2;
				GENERATE_INFOPLIST_FILE = YES;
				MARKETING_VERSION = 1.0;
				PRODUCT_BUNDLE_IDENTIFIER = com.rashadp.FlixterUITests;
				PRODUCT_NAME = "$(TARGET_NAME)";
				SWIFT_EMIT_LOC_STRINGS = NO;
				TARGETED_DEVICE_FAMILY = "1,2";
				TEST_TARGET_NAME = Flixter;
			};
			name = Release;
		};
/* End XCBuildConfiguration section */

/* Begin XCConfigurationList section */
		1FBF5E9F285A4D7600D4938F /* Build configuration list for PBXProject "Flixter" */ = {
			isa = XCConfigurationList;
			buildConfigurations = (
				1FBF5ED1285A4D7800D4938F /* Debug */,
				1FBF5ED2285A4D7800D4938F /* Release */,
			);
			defaultConfigurationIsVisible = 0;
			defaultConfigurationName = Release;
		};
		1FBF5ED3285A4D7800D4938F /* Build configuration list for PBXNativeTarget "Flixter" */ = {
			isa = XCConfigurationList;
			buildConfigurations = (
				1FBF5ED4285A4D7800D4938F /* Debug */,
				1FBF5ED5285A4D7800D4938F /* Release */,
			);
			defaultConfigurationIsVisible = 0;
			defaultConfigurationName = Release;
		};
		1FBF5ED6285A4D7800D4938F /* Build configuration list for PBXNativeTarget "FlixterTests" */ = {
			isa = XCConfigurationList;
			buildConfigurations = (
				1FBF5ED7285A4D7800D4938F /* Debug */,
				1FBF5ED8285A4D7800D4938F /* Release */,
			);
			defaultConfigurationIsVisible = 0;
			defaultConfigurationName = Release;
		};
		1FBF5ED9285A4D7800D4938F /* Build configuration list for PBXNativeTarget "FlixterUITests" */ = {
			isa = XCConfigurationList;
			buildConfigurations = (
				1FBF5EDA285A4D7800D4938F /* Debug */,
				1FBF5EDB285A4D7800D4938F /* Release */,
			);
			defaultConfigurationIsVisible = 0;
			defaultConfigurationName = Release;
		};
/* End XCConfigurationList section */
	};
	rootObject = 1FBF5E9C285A4D7600D4938F /* Project object */;
}
